
Microsoft Visual Studio Solution File, Format Version 12.00
# Visual Studio Version 17
VisualStudioVersion = 17.8.34525.116
MinimumVisualStudioVersion = 10.0.40219.1
Project("{9A19103F-16F7-4668-BE54-9A1E7A4F7556}") = "Library", "Library\Library.csproj", "{D59E1EB1-9BE2-4789-A2DE-E956F23106B7}"
EndProject
Project("{FAE04EC0-301F-11D3-BF4B-00C04F79EFBC}") = "Library.Services", "Library.Services\Library.Services.csproj", "{10924D21-D77F-452D-8C34-FF550823BFF0}"
EndProject
Global
	GlobalSection(SolutionConfigurationPlatforms) = preSolution
		Debug|Any CPU = Debug|Any CPU
		Release|Any CPU = Release|Any CPU
	EndGlobalSection
	GlobalSection(ProjectConfigurationPlatforms) = postSolution
		{D59E1EB1-9BE2-4789-A2DE-E956F23106B7}.Debug|Any CPU.ActiveCfg = Debug|Any CPU
		{D59E1EB1-9BE2-4789-A2DE-E956F23106B7}.Debug|Any CPU.Build.0 = Debug|Any CPU
		{D59E1EB1-9BE2-4789-A2DE-E956F23106B7}.Release|Any CPU.ActiveCfg = Release|Any CPU
		{D59E1EB1-9BE2-4789-A2DE-E956F23106B7}.Release|Any CPU.Build.0 = Release|Any CPU
		{10924D21-D77F-452D-8C34-FF550823BFF0}.Debug|Any CPU.ActiveCfg = Debug|Any CPU
		{10924D21-D77F-452D-8C34-FF550823BFF0}.Debug|Any CPU.Build.0 = Debug|Any CPU
		{10924D21-D77F-452D-8C34-FF550823BFF0}.Release|Any CPU.ActiveCfg = Release|Any CPU
		{10924D21-D77F-452D-8C34-FF550823BFF0}.Release|Any CPU.Build.0 = Release|Any CPU
	EndGlobalSection
	GlobalSection(SolutionProperties) = preSolution
		HideSolutionNode = FALSE
	EndGlobalSection
	GlobalSection(ExtensibilityGlobals) = postSolution
		SolutionGuid = {050C2CF6-F0B9-4867-AFB1-AC0BEBBDDC1D}
	EndGlobalSection
EndGlobal
